// !$*UTF8*$!
{
	archiveVersion = 1;
	classes = {
	};
	objectVersion = 46;
	objects = {

/* Begin PBXBuildFile section */
		590677CA18E4E38B00D2B893 /* XCTest.framework in Frameworks */ = {isa = PBXBuildFile; fileRef = 591C934418E265C3001F1A0F /* XCTest.framework */; settings = {ATTRIBUTES = (Required, ); }; };
		590677D018E4E38B00D2B893 /* InfoPlist.strings in Resources */ = {isa = PBXBuildFile; fileRef = 590677CE18E4E38B00D2B893 /* InfoPlist.strings */; };
		590677D218E4E38B00D2B893 /* test.m in Sources */ = {isa = PBXBuildFile; fileRef = 590677D118E4E38B00D2B893 /* test.m */; };
		5909919819EFB7CC003DA269 /* libPods-AFNetworking.a in Frameworks */ = {isa = PBXBuildFile; fileRef = 599EA22119ED5E9A00FEF7E7 /* libPods-AFNetworking.a */; };
		5909919919EFB7FA003DA269 /* ASAPIClient+Network.m in Sources */ = {isa = PBXBuildFile; fileRef = 591C935E18E267B5001F1A0F /* ASAPIClient+Network.m */; };
		5909919A19EFB7FE003DA269 /* AppKit.framework in Frameworks */ = {isa = PBXBuildFile; fileRef = 599EA22619ED664700FEF7E7 /* AppKit.framework */; };
		5909919B19EFB823003DA269 /* libPods-AFNetworking.a in Frameworks */ = {isa = PBXBuildFile; fileRef = 599EA22119ED5E9A00FEF7E7 /* libPods-AFNetworking.a */; };
		5909919C19EFB827003DA269 /* libPods.a in Frameworks */ = {isa = PBXBuildFile; fileRef = 454533AE49614E8FA1210C4D /* libPods.a */; };
		591C933718E265C3001F1A0F /* Foundation.framework in Frameworks */ = {isa = PBXBuildFile; fileRef = 591C933618E265C3001F1A0F /* Foundation.framework */; };
		591C936518E267B5001F1A0F /* ASAPIClient+Network.m in Sources */ = {isa = PBXBuildFile; fileRef = 591C935E18E267B5001F1A0F /* ASAPIClient+Network.m */; };
		591C936618E267B5001F1A0F /* ASAPIClient.m in Sources */ = {isa = PBXBuildFile; fileRef = 591C936018E267B5001F1A0F /* ASAPIClient.m */; };
		591C936718E267B5001F1A0F /* ASQuery.m in Sources */ = {isa = PBXBuildFile; fileRef = 591C936218E267B5001F1A0F /* ASQuery.m */; };
		591C936818E267B5001F1A0F /* ASRemoteIndex.m in Sources */ = {isa = PBXBuildFile; fileRef = 591C936418E267B5001F1A0F /* ASRemoteIndex.m */; };
		592EEA9118E4F14200891427 /* libalgoliasearch-client-objc.a in Frameworks */ = {isa = PBXBuildFile; fileRef = 591C933318E265C3001F1A0F /* libalgoliasearch-client-objc.a */; settings = {ATTRIBUTES = (Required, ); }; };
		599EA22D19EFB2D700FEF7E7 /* AppKit.framework in Frameworks */ = {isa = PBXBuildFile; fileRef = 599EA22619ED664700FEF7E7 /* AppKit.framework */; };
		5D7B33401B4BBD7B00F12D56 /* ASExpiringCache.m in Sources */ = {isa = PBXBuildFile; fileRef = 5D7B333F1B4BBD7B00F12D56 /* ASExpiringCache.m */; };
		5D7B33431B4BBDEB00F12D56 /* ASExpiringCacheItem.m in Sources */ = {isa = PBXBuildFile; fileRef = 5D7B33421B4BBDEB00F12D56 /* ASExpiringCacheItem.m */; };
		5D85ED221B28659A001C1C5B /* ASBrowseIterator.m in Sources */ = {isa = PBXBuildFile; fileRef = 5D85ED211B28659A001C1C5B /* ASBrowseIterator.m */; };
		88FF96774A8D4C439B606454 /* libPods.a in Frameworks */ = {isa = PBXBuildFile; fileRef = 454533AE49614E8FA1210C4D /* libPods.a */; settings = {ATTRIBUTES = (Required, ); }; };
/* End PBXBuildFile section */

/* Begin PBXContainerItemProxy section */
		590677D418E4E38C00D2B893 /* PBXContainerItemProxy */ = {
			isa = PBXContainerItemProxy;
			containerPortal = 591C932B18E265C3001F1A0F /* Project object */;
			proxyType = 1;
			remoteGlobalIDString = 591C933218E265C3001F1A0F;
			remoteInfo = "algoliasearch-client-objc";
		};
/* End PBXContainerItemProxy section */

/* Begin PBXCopyFilesBuildPhase section */
		591C933118E265C3001F1A0F /* CopyFiles */ = {
			isa = PBXCopyFilesBuildPhase;
			buildActionMask = 2147483647;
			dstPath = "include/$(PRODUCT_NAME)";
			dstSubfolderSpec = 16;
			files = (
			);
			runOnlyForDeploymentPostprocessing = 0;
		};
/* End PBXCopyFilesBuildPhase section */

/* Begin PBXFileReference section */
		454533AE49614E8FA1210C4D /* libPods.a */ = {isa = PBXFileReference; explicitFileType = archive.ar; includeInIndex = 0; path = libPods.a; sourceTree = BUILT_PRODUCTS_DIR; };
		590677C918E4E38B00D2B893 /* test.xctest */ = {isa = PBXFileReference; explicitFileType = wrapper.cfbundle; includeInIndex = 0; path = test.xctest; sourceTree = BUILT_PRODUCTS_DIR; };
		590677CD18E4E38B00D2B893 /* test-Info.plist */ = {isa = PBXFileReference; lastKnownFileType = text.plist.xml; path = "test-Info.plist"; sourceTree = "<group>"; };
		590677CF18E4E38B00D2B893 /* en */ = {isa = PBXFileReference; lastKnownFileType = text.plist.strings; name = en; path = en.lproj/InfoPlist.strings; sourceTree = "<group>"; };
		590677D118E4E38B00D2B893 /* test.m */ = {isa = PBXFileReference; lastKnownFileType = sourcecode.c.objc; path = test.m; sourceTree = "<group>"; };
		590677D318E4E38C00D2B893 /* test-Prefix.pch */ = {isa = PBXFileReference; lastKnownFileType = sourcecode.c.h; path = "test-Prefix.pch"; sourceTree = "<group>"; };
		591C933318E265C3001F1A0F /* libalgoliasearch-client-objc.a */ = {isa = PBXFileReference; explicitFileType = archive.ar; includeInIndex = 0; path = "libalgoliasearch-client-objc.a"; sourceTree = BUILT_PRODUCTS_DIR; };
		591C933618E265C3001F1A0F /* Foundation.framework */ = {isa = PBXFileReference; lastKnownFileType = wrapper.framework; name = Foundation.framework; path = System/Library/Frameworks/Foundation.framework; sourceTree = SDKROOT; };
		591C934418E265C3001F1A0F /* XCTest.framework */ = {isa = PBXFileReference; lastKnownFileType = wrapper.framework; name = XCTest.framework; path = Library/Frameworks/XCTest.framework; sourceTree = DEVELOPER_DIR; };
		591C935D18E267B5001F1A0F /* ASAPIClient+Network.h */ = {isa = PBXFileReference; fileEncoding = 4; lastKnownFileType = sourcecode.c.h; path = "ASAPIClient+Network.h"; sourceTree = "<group>"; };
		591C935E18E267B5001F1A0F /* ASAPIClient+Network.m */ = {isa = PBXFileReference; fileEncoding = 4; lastKnownFileType = sourcecode.c.objc; path = "ASAPIClient+Network.m"; sourceTree = "<group>"; };
		591C935F18E267B5001F1A0F /* ASAPIClient.h */ = {isa = PBXFileReference; fileEncoding = 4; lastKnownFileType = sourcecode.c.h; path = ASAPIClient.h; sourceTree = "<group>"; };
		591C936018E267B5001F1A0F /* ASAPIClient.m */ = {isa = PBXFileReference; fileEncoding = 4; lastKnownFileType = sourcecode.c.objc; path = ASAPIClient.m; sourceTree = "<group>"; };
		591C936118E267B5001F1A0F /* ASQuery.h */ = {isa = PBXFileReference; fileEncoding = 4; lastKnownFileType = sourcecode.c.h; path = ASQuery.h; sourceTree = "<group>"; };
		591C936218E267B5001F1A0F /* ASQuery.m */ = {isa = PBXFileReference; fileEncoding = 4; lastKnownFileType = sourcecode.c.objc; path = ASQuery.m; sourceTree = "<group>"; };
		591C936318E267B5001F1A0F /* ASRemoteIndex.h */ = {isa = PBXFileReference; fileEncoding = 4; lastKnownFileType = sourcecode.c.h; path = ASRemoteIndex.h; sourceTree = "<group>"; };
		591C936418E267B5001F1A0F /* ASRemoteIndex.m */ = {isa = PBXFileReference; fileEncoding = 4; lastKnownFileType = sourcecode.c.objc; path = ASRemoteIndex.m; sourceTree = "<group>"; };
		599EA22119ED5E9A00FEF7E7 /* libPods-AFNetworking.a */ = {isa = PBXFileReference; lastKnownFileType = archive.ar; name = "libPods-AFNetworking.a"; path = "../../../Library/Developer/Xcode/DerivedData/algoliasearch-client-objc-ezaqtrvmayymwwavbcfvoeuiphpx/Build/Products/Debug/libPods-AFNetworking.a"; sourceTree = "<group>"; };
		599EA22619ED664700FEF7E7 /* AppKit.framework */ = {isa = PBXFileReference; lastKnownFileType = wrapper.framework; name = AppKit.framework; path = System/Library/Frameworks/AppKit.framework; sourceTree = SDKROOT; };
		5D7B333E1B4BBD7B00F12D56 /* ASExpiringCache.h */ = {isa = PBXFileReference; fileEncoding = 4; lastKnownFileType = sourcecode.c.h; path = ASExpiringCache.h; sourceTree = "<group>"; };
		5D7B333F1B4BBD7B00F12D56 /* ASExpiringCache.m */ = {isa = PBXFileReference; fileEncoding = 4; lastKnownFileType = sourcecode.c.objc; path = ASExpiringCache.m; sourceTree = "<group>"; };
		5D7B33411B4BBDEB00F12D56 /* ASExpiringCacheItem.h */ = {isa = PBXFileReference; fileEncoding = 4; lastKnownFileType = sourcecode.c.h; path = ASExpiringCacheItem.h; sourceTree = "<group>"; };
		5D7B33421B4BBDEB00F12D56 /* ASExpiringCacheItem.m */ = {isa = PBXFileReference; fileEncoding = 4; lastKnownFileType = sourcecode.c.objc; path = ASExpiringCacheItem.m; sourceTree = "<group>"; };
		5D85ED201B28659A001C1C5B /* ASBrowseIterator.h */ = {isa = PBXFileReference; fileEncoding = 4; lastKnownFileType = sourcecode.c.h; path = ASBrowseIterator.h; sourceTree = "<group>"; };
		5D85ED211B28659A001C1C5B /* ASBrowseIterator.m */ = {isa = PBXFileReference; fileEncoding = 4; lastKnownFileType = sourcecode.c.objc; path = ASBrowseIterator.m; sourceTree = "<group>"; };
		93A3C6D5C4BEC322D8180EA7 /* Pods.release.xcconfig */ = {isa = PBXFileReference; includeInIndex = 1; lastKnownFileType = text.xcconfig; name = Pods.release.xcconfig; path = "Pods/Target Support Files/Pods/Pods.release.xcconfig"; sourceTree = "<group>"; };
		EE723D9FA715B3A80A9DBE58 /* Pods.debug.xcconfig */ = {isa = PBXFileReference; includeInIndex = 1; lastKnownFileType = text.xcconfig; name = Pods.debug.xcconfig; path = "Pods/Target Support Files/Pods/Pods.debug.xcconfig"; sourceTree = "<group>"; };
/* End PBXFileReference section */

/* Begin PBXFrameworksBuildPhase section */
		590677C618E4E38B00D2B893 /* Frameworks */ = {
			isa = PBXFrameworksBuildPhase;
			buildActionMask = 2147483647;
			files = (
				5909919C19EFB827003DA269 /* libPods.a in Frameworks */,
				5909919B19EFB823003DA269 /* libPods-AFNetworking.a in Frameworks */,
				5909919A19EFB7FE003DA269 /* AppKit.framework in Frameworks */,
				592EEA9118E4F14200891427 /* libalgoliasearch-client-objc.a in Frameworks */,
				590677CA18E4E38B00D2B893 /* XCTest.framework in Frameworks */,
			);
			runOnlyForDeploymentPostprocessing = 0;
		};
		591C933018E265C3001F1A0F /* Frameworks */ = {
			isa = PBXFrameworksBuildPhase;
			buildActionMask = 2147483647;
			files = (
				5909919819EFB7CC003DA269 /* libPods-AFNetworking.a in Frameworks */,
				88FF96774A8D4C439B606454 /* libPods.a in Frameworks */,
				599EA22D19EFB2D700FEF7E7 /* AppKit.framework in Frameworks */,
				591C933718E265C3001F1A0F /* Foundation.framework in Frameworks */,
			);
			runOnlyForDeploymentPostprocessing = 0;
		};
/* End PBXFrameworksBuildPhase section */

/* Begin PBXGroup section */
		47BECB5F255FE4B756F895D0 /* Pods */ = {
			isa = PBXGroup;
			children = (
				EE723D9FA715B3A80A9DBE58 /* Pods.debug.xcconfig */,
				93A3C6D5C4BEC322D8180EA7 /* Pods.release.xcconfig */,
			);
			name = Pods;
			sourceTree = "<group>";
		};
		590677CB18E4E38B00D2B893 /* test */ = {
			isa = PBXGroup;
			children = (
				590677D118E4E38B00D2B893 /* test.m */,
				590677CC18E4E38B00D2B893 /* Supporting Files */,
			);
			path = test;
			sourceTree = "<group>";
		};
		590677CC18E4E38B00D2B893 /* Supporting Files */ = {
			isa = PBXGroup;
			children = (
				590677CD18E4E38B00D2B893 /* test-Info.plist */,
				590677CE18E4E38B00D2B893 /* InfoPlist.strings */,
				590677D318E4E38C00D2B893 /* test-Prefix.pch */,
			);
			name = "Supporting Files";
			sourceTree = "<group>";
		};
		591C932A18E265C3001F1A0F = {
			isa = PBXGroup;
			children = (
				591C935C18E267B5001F1A0F /* src */,
				590677CB18E4E38B00D2B893 /* test */,
				591C933518E265C3001F1A0F /* Frameworks */,
				591C933418E265C3001F1A0F /* Products */,
				47BECB5F255FE4B756F895D0 /* Pods */,
			);
			sourceTree = "<group>";
		};
		591C933418E265C3001F1A0F /* Products */ = {
			isa = PBXGroup;
			children = (
				591C933318E265C3001F1A0F /* libalgoliasearch-client-objc.a */,
				590677C918E4E38B00D2B893 /* test.xctest */,
			);
			name = Products;
			sourceTree = "<group>";
		};
		591C933518E265C3001F1A0F /* Frameworks */ = {
			isa = PBXGroup;
			children = (
				599EA22619ED664700FEF7E7 /* AppKit.framework */,
				599EA22119ED5E9A00FEF7E7 /* libPods-AFNetworking.a */,
				591C933618E265C3001F1A0F /* Foundation.framework */,
				591C934418E265C3001F1A0F /* XCTest.framework */,
				454533AE49614E8FA1210C4D /* libPods.a */,
			);
			name = Frameworks;
			sourceTree = "<group>";
		};
		591C935C18E267B5001F1A0F /* src */ = {
			isa = PBXGroup;
			children = (
				591C935D18E267B5001F1A0F /* ASAPIClient+Network.h */,
				591C935E18E267B5001F1A0F /* ASAPIClient+Network.m */,
				591C935F18E267B5001F1A0F /* ASAPIClient.h */,
				591C936018E267B5001F1A0F /* ASAPIClient.m */,
				591C936118E267B5001F1A0F /* ASQuery.h */,
				591C936218E267B5001F1A0F /* ASQuery.m */,
				591C936318E267B5001F1A0F /* ASRemoteIndex.h */,
				591C936418E267B5001F1A0F /* ASRemoteIndex.m */,
				5D85ED201B28659A001C1C5B /* ASBrowseIterator.h */,
				5D85ED211B28659A001C1C5B /* ASBrowseIterator.m */,
				5D7B333E1B4BBD7B00F12D56 /* ASExpiringCache.h */,
				5D7B333F1B4BBD7B00F12D56 /* ASExpiringCache.m */,
				5D7B33411B4BBDEB00F12D56 /* ASExpiringCacheItem.h */,
				5D7B33421B4BBDEB00F12D56 /* ASExpiringCacheItem.m */,
			);
			path = src;
			sourceTree = "<group>";
		};
/* End PBXGroup section */

/* Begin PBXNativeTarget section */
		590677C818E4E38B00D2B893 /* test */ = {
			isa = PBXNativeTarget;
			buildConfigurationList = 590677D618E4E38C00D2B893 /* Build configuration list for PBXNativeTarget "test" */;
			buildPhases = (
				4705BE80F69E43FFBD0BE466 /* Check Pods Manifest.lock */,
				590677C518E4E38B00D2B893 /* Sources */,
				590677C618E4E38B00D2B893 /* Frameworks */,
				590677C718E4E38B00D2B893 /* Resources */,
				25622EFDC68B4D778F7B390C /* Copy Pods Resources */,
			);
			buildRules = (
			);
			dependencies = (
				590677D518E4E38C00D2B893 /* PBXTargetDependency */,
			);
			name = test;
			productName = test;
			productReference = 590677C918E4E38B00D2B893 /* test.xctest */;
			productType = "com.apple.product-type.bundle.unit-test";
		};
		591C933218E265C3001F1A0F /* algoliasearch-client-objc */ = {
			isa = PBXNativeTarget;
			buildConfigurationList = 591C935618E265C3001F1A0F /* Build configuration list for PBXNativeTarget "algoliasearch-client-objc" */;
			buildPhases = (
				D9D6816F15AB4AA2A4FC8954 /* Check Pods Manifest.lock */,
				591C932F18E265C3001F1A0F /* Sources */,
				591C933018E265C3001F1A0F /* Frameworks */,
				591C933118E265C3001F1A0F /* CopyFiles */,
				EA350182CD3A49308F4218CA /* Copy Pods Resources */,
			);
			buildRules = (
			);
			dependencies = (
			);
			name = "algoliasearch-client-objc";
			productName = "algoliasearch-client-objc";
			productReference = 591C933318E265C3001F1A0F /* libalgoliasearch-client-objc.a */;
			productType = "com.apple.product-type.library.static";
		};
/* End PBXNativeTarget section */

/* Begin PBXProject section */
		591C932B18E265C3001F1A0F /* Project object */ = {
			isa = PBXProject;
			attributes = {
				LastUpgradeCheck = 0630;
				ORGANIZATIONNAME = Algolia;
				TargetAttributes = {
					590677C818E4E38B00D2B893 = {
						TestTargetID = 591C933218E265C3001F1A0F;
					};
				};
			};
			buildConfigurationList = 591C932E18E265C3001F1A0F /* Build configuration list for PBXProject "algoliasearch-client-objc" */;
			compatibilityVersion = "Xcode 3.2";
			developmentRegion = English;
			hasScannedForEncodings = 0;
			knownRegions = (
				en,
			);
			mainGroup = 591C932A18E265C3001F1A0F;
			productRefGroup = 591C933418E265C3001F1A0F /* Products */;
			projectDirPath = "";
			projectRoot = "";
			targets = (
				591C933218E265C3001F1A0F /* algoliasearch-client-objc */,
				590677C818E4E38B00D2B893 /* test */,
			);
		};
/* End PBXProject section */

/* Begin PBXResourcesBuildPhase section */
		590677C718E4E38B00D2B893 /* Resources */ = {
			isa = PBXResourcesBuildPhase;
			buildActionMask = 2147483647;
			files = (
				590677D018E4E38B00D2B893 /* InfoPlist.strings in Resources */,
			);
			runOnlyForDeploymentPostprocessing = 0;
		};
/* End PBXResourcesBuildPhase section */

/* Begin PBXShellScriptBuildPhase section */
		25622EFDC68B4D778F7B390C /* Copy Pods Resources */ = {
			isa = PBXShellScriptBuildPhase;
			buildActionMask = 2147483647;
			files = (
			);
			inputPaths = (
			);
			name = "Copy Pods Resources";
			outputPaths = (
			);
			runOnlyForDeploymentPostprocessing = 0;
			shellPath = /bin/sh;
			shellScript = "\"${SRCROOT}/Pods/Target Support Files/Pods/Pods-resources.sh\"\n";
			showEnvVarsInLog = 0;
		};
		4705BE80F69E43FFBD0BE466 /* Check Pods Manifest.lock */ = {
			isa = PBXShellScriptBuildPhase;
			buildActionMask = 2147483647;
			files = (
			);
			inputPaths = (
			);
			name = "Check Pods Manifest.lock";
			outputPaths = (
			);
			runOnlyForDeploymentPostprocessing = 0;
			shellPath = /bin/sh;
			shellScript = "if [[ -z \"${PODS_ROOT}\" ]] ; then\n    PODS_ROOT=\"./Pods\"\nfi\ndiff \"${PODS_ROOT}/../Podfile.lock\" \"${PODS_ROOT}/Manifest.lock\" > /dev/null\nif [[ $? != 0 ]] ; then\n    cat << EOM\nerror: The sandbox is not in sync with the Podfile.lock. Run 'pod install' or update your CocoaPods installation.\nEOM\n    exit 1\nfi\n";
		};
		D9D6816F15AB4AA2A4FC8954 /* Check Pods Manifest.lock */ = {
			isa = PBXShellScriptBuildPhase;
			buildActionMask = 2147483647;
			files = (
			);
			inputPaths = (
			);
			name = "Check Pods Manifest.lock";
			outputPaths = (
			);
			runOnlyForDeploymentPostprocessing = 0;
			shellPath = /bin/sh;
			shellScript = "if [[ -z \"${PODS_ROOT}\" ]] ; then\n    PODS_ROOT=\"./Pods\"\nfi\ndiff \"${PODS_ROOT}/../Podfile.lock\" \"${PODS_ROOT}/Manifest.lock\" > /dev/null\nif [[ $? != 0 ]] ; then\n    cat << EOM\nerror: The sandbox is not in sync with the Podfile.lock. Run 'pod install' or update your CocoaPods installation.\nEOM\n    exit 1\nfi\n";
			showEnvVarsInLog = 0;
		};
		EA350182CD3A49308F4218CA /* Copy Pods Resources */ = {
			isa = PBXShellScriptBuildPhase;
			buildActionMask = 2147483647;
			files = (
			);
			inputPaths = (
			);
			name = "Copy Pods Resources";
			outputPaths = (
			);
			runOnlyForDeploymentPostprocessing = 0;
			shellPath = /bin/sh;
			shellScript = "\"${SRCROOT}/Pods/Target Support Files/Pods/Pods-resources.sh\"\n";
			showEnvVarsInLog = 0;
		};
/* End PBXShellScriptBuildPhase section */

/* Begin PBXSourcesBuildPhase section */
		590677C518E4E38B00D2B893 /* Sources */ = {
			isa = PBXSourcesBuildPhase;
			buildActionMask = 2147483647;
			files = (
				5909919919EFB7FA003DA269 /* ASAPIClient+Network.m in Sources */,
				590677D218E4E38B00D2B893 /* test.m in Sources */,
			);
			runOnlyForDeploymentPostprocessing = 0;
		};
		591C932F18E265C3001F1A0F /* Sources */ = {
			isa = PBXSourcesBuildPhase;
			buildActionMask = 2147483647;
			files = (
				5D7B33401B4BBD7B00F12D56 /* ASExpiringCache.m in Sources */,
				5D7B33431B4BBDEB00F12D56 /* ASExpiringCacheItem.m in Sources */,
				591C936718E267B5001F1A0F /* ASQuery.m in Sources */,
				591C936518E267B5001F1A0F /* ASAPIClient+Network.m in Sources */,
				591C936818E267B5001F1A0F /* ASRemoteIndex.m in Sources */,
				591C936618E267B5001F1A0F /* ASAPIClient.m in Sources */,
				5D85ED221B28659A001C1C5B /* ASBrowseIterator.m in Sources */,
			);
			runOnlyForDeploymentPostprocessing = 0;
		};
/* End PBXSourcesBuildPhase section */

/* Begin PBXTargetDependency section */
		590677D518E4E38C00D2B893 /* PBXTargetDependency */ = {
			isa = PBXTargetDependency;
			target = 591C933218E265C3001F1A0F /* algoliasearch-client-objc */;
			targetProxy = 590677D418E4E38C00D2B893 /* PBXContainerItemProxy */;
		};
/* End PBXTargetDependency section */

/* Begin PBXVariantGroup section */
		590677CE18E4E38B00D2B893 /* InfoPlist.strings */ = {
			isa = PBXVariantGroup;
			children = (
				590677CF18E4E38B00D2B893 /* en */,
			);
			name = InfoPlist.strings;
			sourceTree = "<group>";
		};
/* End PBXVariantGroup section */

/* Begin XCBuildConfiguration section */
		590677D718E4E38C00D2B893 /* Debug */ = {
			isa = XCBuildConfiguration;
			buildSettings = {
				COMBINE_HIDPI_IMAGES = YES;
				FRAMEWORK_SEARCH_PATHS = (
					"$(DEVELOPER_FRAMEWORKS_DIR)",
					"$(inherited)",
				);
				GCC_ENABLE_OBJC_EXCEPTIONS = YES;
				GCC_PRECOMPILE_PREFIX_HEADER = NO;
				GCC_PREFIX_HEADER = "";
				GCC_PREPROCESSOR_DEFINITIONS = (
					"COCOAPODS=1",
					"$(inherited)",
				);
				HEADER_SEARCH_PATHS = (
					"$(inherited)",
					"\"${PODS_ROOT}/Headers/Public/AFNetworking\"",
					"\"${PODS_ROOT}/Headers/Public\"",
					/Applications/Xcode.app/Contents/Developer/Toolchains/XcodeDefault.xctoolchain/usr/include,
				);
				INFOPLIST_FILE = "test/test-Info.plist";
				LIBRARY_SEARCH_PATHS = (
					"$(inherited)",
					"$(USER_LIBRARY_DIR)/Developer/Xcode/DerivedData/algoliasearch-client-objc-ezaqtrvmayymwwavbcfvoeuiphpx/Build/Products/Debug",
				);
				LINK_WITH_STANDARD_LIBRARIES = YES;
				MACOSX_DEPLOYMENT_TARGET = 10.9;
				PODS_ROOT = "${SRCROOT}/Pods";
				PRODUCT_NAME = "$(TARGET_NAME)";
				WRAPPER_EXTENSION = xctest;
			};
			name = Debug;
		};
		590677D818E4E38C00D2B893 /* Release */ = {
			isa = XCBuildConfiguration;
			buildSettings = {
				COMBINE_HIDPI_IMAGES = YES;
				DEBUG_INFORMATION_FORMAT = "dwarf-with-dsym";
				FRAMEWORK_SEARCH_PATHS = (
					"$(DEVELOPER_FRAMEWORKS_DIR)",
					"$(inherited)",
				);
				GCC_ENABLE_OBJC_EXCEPTIONS = YES;
				GCC_PRECOMPILE_PREFIX_HEADER = NO;
				GCC_PREFIX_HEADER = "";
				GCC_PREPROCESSOR_DEFINITIONS = "COCOAPODS=1";
				HEADER_SEARCH_PATHS = (
					"$(inherited)",
					"\"${PODS_ROOT}/Headers/Public/AFNetworking\"",
					"\"${PODS_ROOT}/Headers/Public\"",
					/Applications/Xcode.app/Contents/Developer/Toolchains/XcodeDefault.xctoolchain/usr/include,
				);
				INFOPLIST_FILE = "test/test-Info.plist";
				LIBRARY_SEARCH_PATHS = (
					"$(inherited)",
					"$(USER_LIBRARY_DIR)/Developer/Xcode/DerivedData/algoliasearch-client-objc-ezaqtrvmayymwwavbcfvoeuiphpx/Build/Products/Debug",
				);
				LINK_WITH_STANDARD_LIBRARIES = YES;
				MACOSX_DEPLOYMENT_TARGET = 10.9;
				PODS_ROOT = "${SRCROOT}/Pods";
				PRODUCT_NAME = "$(TARGET_NAME)";
				WRAPPER_EXTENSION = xctest;
			};
			name = Release;
		};
		591C935418E265C3001F1A0F /* Debug */ = {
			isa = XCBuildConfiguration;
			buildSettings = {
				ALWAYS_SEARCH_USER_PATHS = NO;
				CLANG_CXX_LANGUAGE_STANDARD = "gnu++0x";
				CLANG_CXX_LIBRARY = "libc++";
				CLANG_ENABLE_MODULES = YES;
				CLANG_ENABLE_OBJC_ARC = YES;
				CLANG_WARN_BOOL_CONVERSION = YES;
				CLANG_WARN_CONSTANT_CONVERSION = YES;
				CLANG_WARN_DIRECT_OBJC_ISA_USAGE = YES_ERROR;
				CLANG_WARN_EMPTY_BODY = YES;
				CLANG_WARN_ENUM_CONVERSION = YES;
				CLANG_WARN_INT_CONVERSION = YES;
				CLANG_WARN_OBJC_ROOT_CLASS = YES_ERROR;
				CLANG_WARN__DUPLICATE_METHOD_MATCH = YES;
				COPY_PHASE_STRIP = NO;
				GCC_C_LANGUAGE_STANDARD = gnu99;
				GCC_DYNAMIC_NO_PIC = NO;
				GCC_OPTIMIZATION_LEVEL = 0;
				GCC_PREPROCESSOR_DEFINITIONS = (
					"DEBUG=1",
					"$(inherited)",
				);
				GCC_SYMBOLS_PRIVATE_EXTERN = NO;
				GCC_WARN_64_TO_32_BIT_CONVERSION = YES;
				GCC_WARN_ABOUT_RETURN_TYPE = YES_ERROR;
				GCC_WARN_UNDECLARED_SELECTOR = YES;
				GCC_WARN_UNINITIALIZED_AUTOS = YES_AGGRESSIVE;
				GCC_WARN_UNUSED_FUNCTION = YES;
				GCC_WARN_UNUSED_VARIABLE = YES;
				IPHONEOS_DEPLOYMENT_TARGET = 7.1;
				ONLY_ACTIVE_ARCH = YES;
				SDKROOT = macosx;
			};
			name = Debug;
		};
		591C935518E265C3001F1A0F /* Release */ = {
			isa = XCBuildConfiguration;
			buildSettings = {
				ALWAYS_SEARCH_USER_PATHS = NO;
				CLANG_CXX_LANGUAGE_STANDARD = "gnu++0x";
				CLANG_CXX_LIBRARY = "libc++";
				CLANG_ENABLE_MODULES = YES;
				CLANG_ENABLE_OBJC_ARC = YES;
				CLANG_WARN_BOOL_CONVERSION = YES;
				CLANG_WARN_CONSTANT_CONVERSION = YES;
				CLANG_WARN_DIRECT_OBJC_ISA_USAGE = YES_ERROR;
				CLANG_WARN_EMPTY_BODY = YES;
				CLANG_WARN_ENUM_CONVERSION = YES;
				CLANG_WARN_INT_CONVERSION = YES;
				CLANG_WARN_OBJC_ROOT_CLASS = YES_ERROR;
				CLANG_WARN__DUPLICATE_METHOD_MATCH = YES;
				COPY_PHASE_STRIP = YES;
				ENABLE_NS_ASSERTIONS = NO;
				GCC_C_LANGUAGE_STANDARD = gnu99;
				GCC_WARN_64_TO_32_BIT_CONVERSION = YES;
				GCC_WARN_ABOUT_RETURN_TYPE = YES_ERROR;
				GCC_WARN_UNDECLARED_SELECTOR = YES;
				GCC_WARN_UNINITIALIZED_AUTOS = YES_AGGRESSIVE;
				GCC_WARN_UNUSED_FUNCTION = YES;
				GCC_WARN_UNUSED_VARIABLE = YES;
				IPHONEOS_DEPLOYMENT_TARGET = 7.1;
				SDKROOT = macosx;
				VALIDATE_PRODUCT = YES;
			};
			name = Release;
		};
		591C935718E265C3001F1A0F /* Debug */ = {
			isa = XCBuildConfiguration;
			baseConfigurationReference = EE723D9FA715B3A80A9DBE58 /* Pods.debug.xcconfig */;
			buildSettings = {
				COMBINE_HIDPI_IMAGES = YES;
				DSTROOT = /tmp/algoliasearch_client_objc.dst;
				FRAMEWORK_SEARCH_PATHS = (
					"$(inherited)",
					"$(DEVELOPER_FRAMEWORKS_DIR)",
				);
				GCC_PRECOMPILE_PREFIX_HEADER = NO;
				GCC_PREFIX_HEADER = "";
				LIBRARY_SEARCH_PATHS = (
					"$(inherited)",
					"$(USER_LIBRARY_DIR)/Developer/Xcode/DerivedData/algoliasearch-client-objc-ezaqtrvmayymwwavbcfvoeuiphpx/Build/Products/Debug",
				);
				OTHER_LDFLAGS = (
					"$(inherited)",
					"-ObjC",
				);
				PRODUCT_NAME = "$(TARGET_NAME)";
				SKIP_INSTALL = YES;
				STRIP_INSTALLED_PRODUCT = YES;
			};
			name = Debug;
		};
		591C935818E265C3001F1A0F /* Release */ = {
			isa = XCBuildConfiguration;
			baseConfigurationReference = 93A3C6D5C4BEC322D8180EA7 /* Pods.release.xcconfig */;
			buildSettings = {
				COMBINE_HIDPI_IMAGES = YES;
				DSTROOT = /tmp/algoliasearch_client_objc.dst;
				FRAMEWORK_SEARCH_PATHS = (
					"$(inherited)",
					"$(DEVELOPER_FRAMEWORKS_DIR)",
				);
				GCC_PRECOMPILE_PREFIX_HEADER = NO;
				GCC_PREFIX_HEADER = "";
				LIBRARY_SEARCH_PATHS = (
					"$(inherited)",
					"$(USER_LIBRARY_DIR)/Developer/Xcode/DerivedData/algoliasearch-client-objc-ezaqtrvmayymwwavbcfvoeuiphpx/Build/Products/Debug",
				);
				OTHER_LDFLAGS = (
					"$(inherited)",
					"-ObjC",
				);
				PRODUCT_NAME = "$(TARGET_NAME)";
				SKIP_INSTALL = YES;
				STRIP_INSTALLED_PRODUCT = YES;
			};
			name = Release;
		};
/* End XCBuildConfiguration section */

/* Begin XCConfigurationList section */
		590677D618E4E38C00D2B893 /* Build configuration list for PBXNativeTarget "test" */ = {
			isa = XCConfigurationList;
			buildConfigurations = (
				590677D718E4E38C00D2B893 /* Debug */,
				590677D818E4E38C00D2B893 /* Release */,
			);
			defaultConfigurationIsVisible = 0;
			defaultConfigurationName = Release;
		};
		591C932E18E265C3001F1A0F /* Build configuration list for PBXProject "algoliasearch-client-objc" */ = {
			isa = XCConfigurationList;
			buildConfigurations = (
				591C935418E265C3001F1A0F /* Debug */,
				591C935518E265C3001F1A0F /* Release */,
			);
			defaultConfigurationIsVisible = 0;
			defaultConfigurationName = Release;
		};
		591C935618E265C3001F1A0F /* Build configuration list for PBXNativeTarget "algoliasearch-client-objc" */ = {
			isa = XCConfigurationList;
			buildConfigurations = (
				591C935718E265C3001F1A0F /* Debug */,
				591C935818E265C3001F1A0F /* Release */,
			);
			defaultConfigurationIsVisible = 0;
			defaultConfigurationName = Release;
		};
/* End XCConfigurationList section */
	};
	rootObject = 591C932B18E265C3001F1A0F /* Project object */;
}
